
Microsoft Visual Studio Solution File, Format Version 12.00
# Visual Studio Version 16
VisualStudioVersion = 16.0.30225.117
MinimumVisualStudioVersion = 10.0.40219.1
Project("{FAE04EC0-301F-11D3-BF4B-00C04F79EFBC}") = "CAT-IoT", "CAT-IoT.csproj", "{FBF3314E-BC3D-4968-8A50-606918F36C42}"
EndProject
Global
	GlobalSection(SolutionConfigurationPlatforms) = preSolution
		Debug|Any CPU = Debug|Any CPU
		Release|Any CPU = Release|Any CPU
	EndGlobalSection
	GlobalSection(ProjectConfigurationPlatforms) = postSolution
		{FBF3314E-BC3D-4968-8A50-606918F36C42}.Debug|Any CPU.ActiveCfg = Debug|Any CPU
		{FBF3314E-BC3D-4968-8A50-606918F36C42}.Debug|Any CPU.Build.0 = Debug|Any CPU
		{FBF3314E-BC3D-4968-8A50-606918F36C42}.Release|Any CPU.ActiveCfg = Release|Any CPU
		{FBF3314E-BC3D-4968-8A50-606918F36C42}.Release|Any CPU.Build.0 = Release|Any CPU
	EndGlobalSection
	GlobalSection(SolutionProperties) = preSolution
		HideSolutionNode = FALSE
	EndGlobalSection
	GlobalSection(ExtensibilityGlobals) = postSolution
		SolutionGuid = {8C6B355B-099A-4CA1-8398-9321EF8530F4}
	EndGlobalSection
EndGlobal
